
Microsoft Visual Studio Solution File, Format Version 12.00
# Visual Studio Version 17
VisualStudioVersion = 17.6.33815.320
MinimumVisualStudioVersion = 10.0.40219.1
Project("{FAE04EC0-301F-11D3-BF4B-00C04F79EFBC}") = "PhoneDictionary.Entity", "PhoneDictionary.Entity\PhoneDictionary.Entity.csproj", "{1323F88E-A087-4FFE-B6FD-A3E87D985991}"
EndProject
Project("{FAE04EC0-301F-11D3-BF4B-00C04F79EFBC}") = "PhoneDictionary.DataAccess", "PhoneDictionary.DataAccess\PhoneDictionary.DataAccess.csproj", "{10ED8270-2C28-4F48-9791-7B98219692C5}"
EndProject
Project("{FAE04EC0-301F-11D3-BF4B-00C04F79EFBC}") = "PhoneDictionary. Business", "PhoneDictionary. Business\PhoneDictionary. Business.csproj", "{C14FB944-C7DE-424A-ABFE-F8A4E102ED46}"
EndProject
Global
	GlobalSection(SolutionConfigurationPlatforms) = preSolution
		Debug|Any CPU = Debug|Any CPU
		Release|Any CPU = Release|Any CPU
	EndGlobalSection
	GlobalSection(ProjectConfigurationPlatforms) = postSolution
		{1323F88E-A087-4FFE-B6FD-A3E87D985991}.Debug|Any CPU.ActiveCfg = Debug|Any CPU
		{1323F88E-A087-4FFE-B6FD-A3E87D985991}.Debug|Any CPU.Build.0 = Debug|Any CPU
		{1323F88E-A087-4FFE-B6FD-A3E87D985991}.Release|Any CPU.ActiveCfg = Release|Any CPU
		{1323F88E-A087-4FFE-B6FD-A3E87D985991}.Release|Any CPU.Build.0 = Release|Any CPU
		{10ED8270-2C28-4F48-9791-7B98219692C5}.Debug|Any CPU.ActiveCfg = Debug|Any CPU
		{10ED8270-2C28-4F48-9791-7B98219692C5}.Debug|Any CPU.Build.0 = Debug|Any CPU
		{10ED8270-2C28-4F48-9791-7B98219692C5}.Release|Any CPU.ActiveCfg = Release|Any CPU
		{10ED8270-2C28-4F48-9791-7B98219692C5}.Release|Any CPU.Build.0 = Release|Any CPU
		{C14FB944-C7DE-424A-ABFE-F8A4E102ED46}.Debug|Any CPU.ActiveCfg = Debug|Any CPU
		{C14FB944-C7DE-424A-ABFE-F8A4E102ED46}.Debug|Any CPU.Build.0 = Debug|Any CPU
		{C14FB944-C7DE-424A-ABFE-F8A4E102ED46}.Release|Any CPU.ActiveCfg = Release|Any CPU
		{C14FB944-C7DE-424A-ABFE-F8A4E102ED46}.Release|Any CPU.Build.0 = Release|Any CPU
	EndGlobalSection
	GlobalSection(SolutionProperties) = preSolution
		HideSolutionNode = FALSE
	EndGlobalSection
	GlobalSection(ExtensibilityGlobals) = postSolution
		SolutionGuid = {00B3B3C8-FD8B-46A7-AA7A-946C8D9F461D}
	EndGlobalSection
EndGlobal
